
Microsoft Visual Studio Solution File, Format Version 12.00
# Visual Studio Version 17
VisualStudioVersion = 17.3.32819.101
MinimumVisualStudioVersion = 10.0.40219.1
Project("{FAE04EC0-301F-11D3-BF4B-00C04F79EFBC}") = "Practice10112022", "Practice10112022\Practice10112022.csproj", "{67A1782A-41AF-45D0-AF28-3BEE1499109C}"
EndProject
Global
	GlobalSection(SolutionConfigurationPlatforms) = preSolution
		Debug|Any CPU = Debug|Any CPU
		Release|Any CPU = Release|Any CPU
	EndGlobalSection
	GlobalSection(ProjectConfigurationPlatforms) = postSolution
		{67A1782A-41AF-45D0-AF28-3BEE1499109C}.Debug|Any CPU.ActiveCfg = Debug|Any CPU
		{67A1782A-41AF-45D0-AF28-3BEE1499109C}.Debug|Any CPU.Build.0 = Debug|Any CPU
		{67A1782A-41AF-45D0-AF28-3BEE1499109C}.Release|Any CPU.ActiveCfg = Release|Any CPU
		{67A1782A-41AF-45D0-AF28-3BEE1499109C}.Release|Any CPU.Build.0 = Release|Any CPU
	EndGlobalSection
	GlobalSection(SolutionProperties) = preSolution
		HideSolutionNode = FALSE
	EndGlobalSection
	GlobalSection(ExtensibilityGlobals) = postSolution
		SolutionGuid = {B3E1522A-0636-458D-B3E4-4CA98FB6F589}
	EndGlobalSection
EndGlobal
